# THIS IS AN AUTOGENERATED FILE. DO NOT EDIT THIS FILE DIRECTLY.
# yarn lockfile v1


"@babel/code-frame@7.12.11":
  version "7.12.11"
  resolved "https://pkgs.dev.azure.com/albatross-getnet/_packaging/albatross-artifacts/npm/registry/@babel/code-frame/-/code-frame-7.12.11.tgz#f4ad435aa263db935b8f10f2c552d23fb716a63f"
  integrity sha1-9K1DWqJj25NbjxDyxVLSP7cWpj8=
  dependencies:
    "@babel/highlight" "^7.10.4"

"@babel/helper-validator-identifier@^7.12.11":
  version "7.12.11"
  resolved "https://pkgs.dev.azure.com/albatross-getnet/_packaging/albatross-artifacts/npm/registry/@babel/helper-validator-identifier/-/helper-validator-identifier-7.12.11.tgz#c9a1f021917dcb5ccf0d4e453e399022981fc9ed"
  integrity sha1-yaHwIZF9y1zPDU5FPjmQIpgfye0=

"@babel/highlight@^7.10.4":
  version "7.13.10"
  resolved "https://pkgs.dev.azure.com/albatross-getnet/_packaging/albatross-artifacts/npm/registry/@babel/highlight/-/highlight-7.13.10.tgz#a8b2a66148f5b27d666b15d81774347a731d52d1"
  integrity sha1-qLKmYUj1sn1maxXYF3Q0enMdUtE=
  dependencies:
    "@babel/helper-validator-identifier" "^7.12.11"
    chalk "^2.0.0"
    js-tokens "^4.0.0"

"@eslint/eslintrc@^0.4.0":
  version "0.4.0"
  resolved "https://pkgs.dev.azure.com/albatross-getnet/_packaging/albatross-artifacts/npm/registry/@eslint/eslintrc/-/eslintrc-0.4.0.tgz#99cc0a0584d72f1df38b900fb062ba995f395547"
  integrity sha1-mcwKBYTXLx3zi5APsGK6mV85VUc=
  dependencies:
    ajv "^6.12.4"
    debug "^4.1.1"
    espree "^7.3.0"
    globals "^12.1.0"
    ignore "^4.0.6"
    import-fresh "^3.2.1"
    js-yaml "^3.13.1"
    minimatch "^3.0.4"
    strip-json-comments "^3.1.1"

acorn-jsx@^5.3.1:
  version "5.3.1"
  resolved "https://pkgs.dev.azure.com/albatross-getnet/_packaging/albatross-artifacts/npm/registry/acorn-jsx/-/acorn-jsx-5.3.1.tgz#fc8661e11b7ac1539c47dbfea2e72b3af34d267b"
  integrity sha1-/IZh4Rt6wVOcR9v+oucrOvNNJns=

acorn@^7.4.0:
  version "7.4.1"
  resolved "https://pkgs.dev.azure.com/albatross-getnet/_packaging/albatross-artifacts/npm/registry/acorn/-/acorn-7.4.1.tgz#feaed255973d2e77555b83dbc08851a6c63520fa"
  integrity sha1-/q7SVZc9LndVW4PbwIhRpsY1IPo=

ajv@^6.10.0, ajv@^6.12.4:
  version "6.12.6"
  resolved "https://pkgs.dev.azure.com/albatross-getnet/_packaging/albatross-artifacts/npm/registry/ajv/-/ajv-6.12.6.tgz#baf5a62e802b07d977034586f8c3baf5adf26df4"
  integrity sha1-uvWmLoArB9l3A0WG+MO69a3ybfQ=
  dependencies:
    fast-deep-equal "^3.1.1"
    fast-json-stable-stringify "^2.0.0"
    json-schema-traverse "^0.4.1"
    uri-js "^4.2.2"

ajv@^7.0.2:
  version "7.2.1"
  resolved "https://pkgs.dev.azure.com/albatross-getnet/_packaging/albatross-artifacts/npm/registry/ajv/-/ajv-7.2.1.tgz#a5ac226171912447683524fa2f1248fcf8bac83d"
  integrity sha1-pawiYXGRJEdoNST6LxJI/Pi6yD0=
  dependencies:
    fast-deep-equal "^3.1.1"
    json-schema-traverse "^1.0.0"
    require-from-string "^2.0.2"
    uri-js "^4.2.2"

ansi-colors@^4.1.1:
  version "4.1.1"
  resolved "https://pkgs.dev.azure.com/albatross-getnet/_packaging/albatross-artifacts/npm/registry/ansi-colors/-/ansi-colors-4.1.1.tgz#cbb9ae256bf750af1eab344f229aa27fe94ba348"
  integrity sha1-y7muJWv3UK8eqzRPIpqif+lLo0g=

ansi-regex@^5.0.0:
  version "5.0.0"
  resolved "https://pkgs.dev.azure.com/albatross-getnet/_packaging/albatross-artifacts/npm/registry/ansi-regex/-/ansi-regex-5.0.0.tgz#388539f55179bf39339c81af30a654d69f87cb75"
  integrity sha1-OIU59VF5vzkznIGvMKZU1p+Hy3U=

ansi-styles@^3.2.1:
  version "3.2.1"
  resolved "https://pkgs.dev.azure.com/albatross-getnet/_packaging/albatross-artifacts/npm/registry/ansi-styles/-/ansi-styles-3.2.1.tgz#41fbb20243e50b12be0f04b8dedbf07520ce841d"
  integrity sha1-QfuyAkPlCxK+DwS43tvwdSDOhB0=
  dependencies:
    color-convert "^1.9.0"

ansi-styles@^4.0.0, ansi-styles@^4.1.0:
  version "4.3.0"
  resolved "https://pkgs.dev.azure.com/albatross-getnet/_packaging/albatross-artifacts/npm/registry/ansi-styles/-/ansi-styles-4.3.0.tgz#edd803628ae71c04c85ae7a0906edad34b648937"
  integrity sha1-7dgDYornHATIWuegkG7a00tkiTc=
  dependencies:
    color-convert "^2.0.1"

argparse@^1.0.7:
  version "1.0.10"
  resolved "https://pkgs.dev.azure.com/albatross-getnet/_packaging/albatross-artifacts/npm/registry/argparse/-/argparse-1.0.10.tgz#bcd6791ea5ae09725e17e5ad988134cd40b3d911"
  integrity sha1-vNZ5HqWuCXJeF+WtmIE0zUCz2RE=
  dependencies:
    sprintf-js "~1.0.2"

astral-regex@^2.0.0:
  version "2.0.0"
  resolved "https://pkgs.dev.azure.com/albatross-getnet/_packaging/albatross-artifacts/npm/registry/astral-regex/-/astral-regex-2.0.0.tgz#483143c567aeed4785759c0865786dc77d7d2e31"
  integrity sha1-SDFDxWeu7UeFdZwIZXhtx319LjE=

atob-lite@^1.0.0:
  version "1.0.0"
  resolved "https://registry.yarnpkg.com/atob-lite/-/atob-lite-1.0.0.tgz#b88dca6006922b962094f7556826bab31c4a296b"
  integrity sha1-uI3KYAaSK5YglPdVaCa6sxxKKWs=

audio-buffer-list@^2.0.6:
  version "2.0.7"
  resolved "https://registry.yarnpkg.com/audio-buffer-list/-/audio-buffer-list-2.0.7.tgz#88be6e835174329552b01433025c27c7ad7cf5d6"
  integrity sha1-iL5ug1F0MpVSsBQzAlwnx6189dY=
  dependencies:
    audio-buffer "^3.0.0"
    audio-buffer-utils "^4.1.1"
    inherits "^2.0.3"
    is-audio-buffer "^1.0.5"
    is-plain-obj "^1.1.0"
    negative-index "^1.0.2"
    object-assign "^4.1.1"

audio-buffer-utils@^4.1.1, audio-buffer-utils@^4.3.0:
  version "4.3.2"
  resolved "https://registry.yarnpkg.com/audio-buffer-utils/-/audio-buffer-utils-4.3.2.tgz#d555faed8d6ceeb120619e39fa691374f2103380"
  integrity sha1-1VX67Y1s7rEgYZ45+mkTdPIQM4A=
  dependencies:
    audio-buffer "^3.1.1"
    audio-context "^1.0.0"
    clamp "^1.0.1"
    is-audio-buffer "^1.0.0"
    is-browser "^2.0.1"
    negative-index "^1.0.2"
    typedarray-methods "^1.0.0"

audio-buffer@^3.0.0, audio-buffer@^3.1.1:
  version "3.2.1"
  resolved "https://registry.yarnpkg.com/audio-buffer/-/audio-buffer-3.2.1.tgz#cbff2c1577fb0afc5c9232902d543b2f96dd433d"
  integrity sha1-y/8sFXf7CvxckjKQLVQ7L5bdQz0=
  dependencies:
    audio-context "^1.0.0"
    buffer-to-arraybuffer latest
    is-audio-buffer "^1.0.1"
    is-browser "^2.0.1"
    is-buffer "^1.1.0"
    is-plain-obj "^1.1.0"

audio-context@^1.0.0:
  version "1.0.3"
  resolved "https://registry.yarnpkg.com/audio-context/-/audio-context-1.0.3.tgz#aae5636691a8cdc15fc91059704cbc7c2fb7abf9"
  integrity sha512-RH3/rM74f2ITlohhjgC7oYZVS97wtv/SEjXLCzEinnrIPIDxc39m2aFc6wmdkM0NYRKo1DMleYPMAIbnTRW0eA==

audio-sink@^1.0.2:
  version "1.1.6"
  resolved "https://registry.yarnpkg.com/audio-sink/-/audio-sink-1.1.6.tgz#e1454eb1378522298d2170b7cb032c33fd1f6885"
  integrity sha1-4UVOsTeFIimNIXC3ywMsM/0faIU=
  dependencies:
    inherits "^2.0.1"
    xtend "^4.0.1"

audio-speaker@^1.5.0:
  version "1.5.0"
  resolved "https://registry.yarnpkg.com/audio-speaker/-/audio-speaker-1.5.0.tgz#49496e1a9b343d428119e2855f1184ee82d4ee53"
  integrity sha1-SUluGps0PUKBGeKFXxGE7oLU7lM=
  dependencies:
    audio-through "^2.2.3"
    inherits "^2.0.1"
    is-audio-buffer "^1.0.1"
    object-assign "^4.1.1"
    pcm-util "^2.1.0"
    pull-stream "^3.4.5"
    web-audio-stream "^3.0.1"
  optionalDependencies:
    audio-sink "^1.0.2"
    speaker "^0.3.0"

audio-through@^2.2.3:
  version "2.2.3"
  resolved "https://registry.yarnpkg.com/audio-through/-/audio-through-2.2.3.tgz#14fc8c37b613d1c870cfaee04bf4454c28959fbf"
  integrity sha1-FPyMN7YT0chwz67gS/RFTCiVn78=
  dependencies:
    audio-buffer "^3.1.1"
    audio-context "^1.0.0"
    inherits "^2.0.1"
    is-audio-buffer "^1.0.1"
    is-promise "^2.1.0"
    object-assign "^4.1.1"
    pcm-util "^2.0.1"
    performance-now "^2.1.0"

balanced-match@^1.0.0:
  version "1.0.0"
  resolved "https://pkgs.dev.azure.com/albatross-getnet/_packaging/albatross-artifacts/npm/registry/balanced-match/-/balanced-match-1.0.0.tgz#89b4d199ab2bee49de164ea02b89ce462d71b767"
  integrity sha1-ibTRmasr7kneFk6gK4nORi1xt2c=

bindings@^1.2.1, bindings@^1.3.0:
  version "1.5.0"
  resolved "https://pkgs.dev.azure.com/albatross-getnet/_packaging/albatross-artifacts/npm/registry/bindings/-/bindings-1.5.0.tgz#10353c9e945334bc0511a6d90b38fbc7c9c504df"
  integrity sha1-EDU8npRTNLwFEabZCzj7x8nFBN8=
  dependencies:
    file-uri-to-path "1.0.0"

brace-expansion@^1.1.7:
  version "1.1.11"
  resolved "https://pkgs.dev.azure.com/albatross-getnet/_packaging/albatross-artifacts/npm/registry/brace-expansion/-/brace-expansion-1.1.11.tgz#3c7fcbf529d87226f3d2f52b966ff5271eb441dd"
  integrity sha1-PH/L9SnYcibz0vUrlm/1Jx60Qd0=
  dependencies:
    balanced-match "^1.0.0"
    concat-map "0.0.1"

buffer-alloc-unsafe@^1.1.0:
  version "1.1.0"
  resolved "https://pkgs.dev.azure.com/albatross-getnet/_packaging/albatross-artifacts/npm/registry/buffer-alloc-unsafe/-/buffer-alloc-unsafe-1.1.0.tgz#bd7dc26ae2972d0eda253be061dba992349c19f0"
  integrity sha1-vX3CauKXLQ7aJTvgYdupkjScGfA=

buffer-alloc@^1.1.0:
  version "1.2.0"
  resolved "https://pkgs.dev.azure.com/albatross-getnet/_packaging/albatross-artifacts/npm/registry/buffer-alloc/-/buffer-alloc-1.2.0.tgz#890dd90d923a873e08e10e5fd51a57e5b7cce0ec"
  integrity sha1-iQ3ZDZI6hz4I4Q5f1RpX5bfM4Ow=
  dependencies:
    buffer-alloc-unsafe "^1.1.0"
    buffer-fill "^1.0.0"

buffer-fill@^1.0.0:
  version "1.0.0"
  resolved "https://pkgs.dev.azure.com/albatross-getnet/_packaging/albatross-artifacts/npm/registry/buffer-fill/-/buffer-fill-1.0.0.tgz#f8f78b76789888ef39f205cd637f68e702122b2c"
  integrity sha1-+PeLdniYiO858gXNY39o5wISKyw=

buffer-to-arraybuffer@latest:
  version "0.0.6"
  resolved "https://registry.yarnpkg.com/buffer-to-arraybuffer/-/buffer-to-arraybuffer-0.0.6.tgz#7aaef87ce8441146b4874142c1197e34f9a9c995"
  integrity sha512-i/ndmmCF5QC1D75QCO1EPwYRPIVRVs2yLwkl2bc8R5P1ORHGZZAbTwmYM/vpXt7KzCe+Y57E8YPGTJywgWBNRw==

callsites@^3.0.0:
  version "3.1.0"
  resolved "https://pkgs.dev.azure.com/albatross-getnet/_packaging/albatross-artifacts/npm/registry/callsites/-/callsites-3.1.0.tgz#b3630abd8943432f54b3f0519238e33cd7df2f73"
  integrity sha1-s2MKvYlDQy9Us/BRkjjjPNffL3M=

chalk@^2.0.0:
  version "2.4.2"
  resolved "https://pkgs.dev.azure.com/albatross-getnet/_packaging/albatross-artifacts/npm/registry/chalk/-/chalk-2.4.2.tgz#cd42541677a54333cf541a49108c1432b44c9424"
  integrity sha1-zUJUFnelQzPPVBpJEIwUMrRMlCQ=
  dependencies:
    ansi-styles "^3.2.1"
    escape-string-regexp "^1.0.5"
    supports-color "^5.3.0"

chalk@^4.0.0:
  version "4.1.0"
  resolved "https://pkgs.dev.azure.com/albatross-getnet/_packaging/albatross-artifacts/npm/registry/chalk/-/chalk-4.1.0.tgz#4e14870a618d9e2edd97dd8345fd9d9dc315646a"
  integrity sha1-ThSHCmGNni7dl92DRf2dncMVZGo=
  dependencies:
    ansi-styles "^4.1.0"
    supports-color "^7.1.0"

clamp@^1.0.1:
  version "1.0.1"
  resolved "https://registry.yarnpkg.com/clamp/-/clamp-1.0.1.tgz#66a0e64011816e37196828fdc8c8c147312c8634"
  integrity sha1-ZqDmQBGBbjcZaCj9yMjBRzEshjQ=

color-convert@^1.9.0:
  version "1.9.3"
  resolved "https://pkgs.dev.azure.com/albatross-getnet/_packaging/albatross-artifacts/npm/registry/color-convert/-/color-convert-1.9.3.tgz#bb71850690e1f136567de629d2d5471deda4c1e8"
  integrity sha1-u3GFBpDh8TZWfeYp0tVHHe2kweg=
  dependencies:
    color-name "1.1.3"

color-convert@^2.0.1:
  version "2.0.1"
  resolved "https://pkgs.dev.azure.com/albatross-getnet/_packaging/albatross-artifacts/npm/registry/color-convert/-/color-convert-2.0.1.tgz#72d3a68d598c9bdb3af2ad1e84f21d896abd4de3"
  integrity sha1-ctOmjVmMm9s68q0ehPIdiWq9TeM=
  dependencies:
    color-name "~1.1.4"

color-name@1.1.3:
  version "1.1.3"
  resolved "https://pkgs.dev.azure.com/albatross-getnet/_packaging/albatross-artifacts/npm/registry/color-name/-/color-name-1.1.3.tgz#a7d0558bd89c42f795dd42328f740831ca53bc25"
  integrity sha1-p9BVi9icQveV3UIyj3QIMcpTvCU=

color-name@~1.1.4:
  version "1.1.4"
  resolved "https://pkgs.dev.azure.com/albatross-getnet/_packaging/albatross-artifacts/npm/registry/color-name/-/color-name-1.1.4.tgz#c2a09a87acbde69543de6f63fa3995c826c536a2"
  integrity sha1-wqCah6y95pVD3m9j+jmVyCbFNqI=

concat-map@0.0.1:
  version "0.0.1"
  resolved "https://pkgs.dev.azure.com/albatross-getnet/_packaging/albatross-artifacts/npm/registry/concat-map/-/concat-map-0.0.1.tgz#d8a96bd77fd68df7793a73036a3ba0d5405d477b"
  integrity sha1-2Klr13/Wjfd5OnMDajug1UBdR3s=

core-util-is@~1.0.0:
  version "1.0.2"
  resolved "https://registry.yarnpkg.com/core-util-is/-/core-util-is-1.0.2.tgz#b5fd54220aa2bc5ab57aab7140c940754503c1a7"
  integrity sha1-tf1UIgqivFq1eqtxQMlAdUUDwac=

cross-spawn@^7.0.2:
  version "7.0.3"
  resolved "https://pkgs.dev.azure.com/albatross-getnet/_packaging/albatross-artifacts/npm/registry/cross-spawn/-/cross-spawn-7.0.3.tgz#f73a85b9d5d41d045551c177e2882d4ac85728a6"
  integrity sha1-9zqFudXUHQRVUcF34ogtSshXKKY=
  dependencies:
    path-key "^3.1.0"
    shebang-command "^2.0.0"
    which "^2.0.1"

data-uri-regex@^0.1.2:
  version "0.1.4"
  resolved "https://registry.yarnpkg.com/data-uri-regex/-/data-uri-regex-0.1.4.tgz#1e1db6c8397eca8a48ecdb55ad1b927ec0bbac2e"
  integrity sha1-Hh22yDl+yopI7NtVrRuSfsC7rC4=

debug@^2.2.0:
  version "2.6.9"
  resolved "https://registry.yarnpkg.com/debug/-/debug-2.6.9.tgz#5d128515df134ff327e90a4c93f4e077a536341f"
  integrity sha512-bC7ElrdJaJnPbAP+1EotYvqZsb3ecl5wi6Bfi6BJTUcNowp6cvspg0jXznRTKDjm/E7AdgFBVeAPVMNcKGsHMA==
  dependencies:
    ms "2.0.0"

debug@^4.0.0, debug@^4.0.1, debug@^4.1.1:
  version "4.3.1"
  resolved "https://pkgs.dev.azure.com/albatross-getnet/_packaging/albatross-artifacts/npm/registry/debug/-/debug-4.3.1.tgz#f0d229c505e0c6d8c49ac553d1b13dc183f6b2ee"
  integrity sha1-8NIpxQXgxtjEmsVT0bE9wYP2su4=
  dependencies:
    ms "2.1.2"

deep-is@^0.1.3:
  version "0.1.3"
  resolved "https://pkgs.dev.azure.com/albatross-getnet/_packaging/albatross-artifacts/npm/registry/deep-is/-/deep-is-0.1.3.tgz#b369d6fb5dbc13eecf524f91b070feedc357cf34"
  integrity sha1-s2nW+128E+7PUk+RsHD+7cNXzzQ=

doctrine@^3.0.0:
  version "3.0.0"
  resolved "https://pkgs.dev.azure.com/albatross-getnet/_packaging/albatross-artifacts/npm/registry/doctrine/-/doctrine-3.0.0.tgz#addebead72a6574db783639dc87a121773973961"
  integrity sha1-rd6+rXKmV023g2OdyHoSF3OXOWE=
  dependencies:
    esutils "^2.0.2"

emoji-regex@^8.0.0:
  version "8.0.0"
  resolved "https://pkgs.dev.azure.com/albatross-getnet/_packaging/albatross-artifacts/npm/registry/emoji-regex/-/emoji-regex-8.0.0.tgz#e818fd69ce5ccfcb404594f842963bf53164cc37"
  integrity sha1-6Bj9ac5cz8tARZT4QpY79TFkzDc=

enquirer@^2.3.5:
  version "2.3.6"
  resolved "https://pkgs.dev.azure.com/albatross-getnet/_packaging/albatross-artifacts/npm/registry/enquirer/-/enquirer-2.3.6.tgz#2a7fe5dd634a1e4125a975ec994ff5456dc3734d"
  integrity sha1-Kn/l3WNKHkElqXXsmU/1RW3Dc00=
  dependencies:
    ansi-colors "^4.1.1"

escape-string-regexp@^1.0.5:
  version "1.0.5"
  resolved "https://pkgs.dev.azure.com/albatross-getnet/_packaging/albatross-artifacts/npm/registry/escape-string-regexp/-/escape-string-regexp-1.0.5.tgz#1b61c0562190a8dff6ae3bb2cf0200ca130b86d4"
  integrity sha1-G2HAViGQqN/2rjuyzwIAyhMLhtQ=

eslint-config-google@^0.14.0:
  version "0.14.0"
  resolved "https://registry.yarnpkg.com/eslint-config-google/-/eslint-config-google-0.14.0.tgz#4f5f8759ba6e11b424294a219dbfa18c508bcc1a"
  integrity sha512-WsbX4WbjuMvTdeVL6+J3rK1RGhCTqjsFjX7UMSMgZiyxxaNLkoJENbrGExzERFeoTpGw3F3FypTiWAP9ZXzkEw==

eslint-scope@^5.1.1:
  version "5.1.1"
  resolved "https://pkgs.dev.azure.com/albatross-getnet/_packaging/albatross-artifacts/npm/registry/eslint-scope/-/eslint-scope-5.1.1.tgz#e786e59a66cb92b3f6c1fb0d508aab174848f48c"
  integrity sha1-54blmmbLkrP2wfsNUIqrF0hI9Iw=
  dependencies:
    esrecurse "^4.3.0"
    estraverse "^4.1.1"

eslint-utils@^2.1.0:
  version "2.1.0"
  resolved "https://pkgs.dev.azure.com/albatross-getnet/_packaging/albatross-artifacts/npm/registry/eslint-utils/-/eslint-utils-2.1.0.tgz#d2de5e03424e707dc10c74068ddedae708741b27"
  integrity sha1-0t5eA0JOcH3BDHQGjd7a5wh0Gyc=
  dependencies:
    eslint-visitor-keys "^1.1.0"

eslint-visitor-keys@^1.1.0, eslint-visitor-keys@^1.3.0:
  version "1.3.0"
  resolved "https://pkgs.dev.azure.com/albatross-getnet/_packaging/albatross-artifacts/npm/registry/eslint-visitor-keys/-/eslint-visitor-keys-1.3.0.tgz#30ebd1ef7c2fdff01c3a4f151044af25fab0523e"
  integrity sha1-MOvR73wv3/AcOk8VEESvJfqwUj4=

eslint-visitor-keys@^2.0.0:
  version "2.0.0"
  resolved "https://pkgs.dev.azure.com/albatross-getnet/_packaging/albatross-artifacts/npm/registry/eslint-visitor-keys/-/eslint-visitor-keys-2.0.0.tgz#21fdc8fbcd9c795cc0321f0563702095751511a8"
  integrity sha1-If3I+82ceVzAMh8FY3AglXUVEag=

eslint@^7.22.0:
  version "7.22.0"
  resolved "https://pkgs.dev.azure.com/albatross-getnet/_packaging/albatross-artifacts/npm/registry/eslint/-/eslint-7.22.0.tgz#07ecc61052fec63661a2cab6bd507127c07adc6f"
  integrity sha1-B+zGEFL+xjZhosq2vVBxJ8B63G8=
  dependencies:
    "@babel/code-frame" "7.12.11"
    "@eslint/eslintrc" "^0.4.0"
    ajv "^6.10.0"
    chalk "^4.0.0"
    cross-spawn "^7.0.2"
    debug "^4.0.1"
    doctrine "^3.0.0"
    enquirer "^2.3.5"
    eslint-scope "^5.1.1"
    eslint-utils "^2.1.0"
    eslint-visitor-keys "^2.0.0"
    espree "^7.3.1"
    esquery "^1.4.0"
    esutils "^2.0.2"
    file-entry-cache "^6.0.1"
    functional-red-black-tree "^1.0.1"
    glob-parent "^5.0.0"
    globals "^13.6.0"
    ignore "^4.0.6"
    import-fresh "^3.0.0"
    imurmurhash "^0.1.4"
    is-glob "^4.0.0"
    js-yaml "^3.13.1"
    json-stable-stringify-without-jsonify "^1.0.1"
    levn "^0.4.1"
    lodash "^4.17.21"
    minimatch "^3.0.4"
    natural-compare "^1.4.0"
    optionator "^0.9.1"
    progress "^2.0.0"
    regexpp "^3.1.0"
    semver "^7.2.1"
    strip-ansi "^6.0.0"
    strip-json-comments "^3.1.0"
    table "^6.0.4"
    text-table "^0.2.0"
    v8-compile-cache "^2.0.3"

espree@^7.3.0, espree@^7.3.1:
  version "7.3.1"
  resolved "https://pkgs.dev.azure.com/albatross-getnet/_packaging/albatross-artifacts/npm/registry/espree/-/espree-7.3.1.tgz#f2df330b752c6f55019f8bd89b7660039c1bbbb6"
  integrity sha1-8t8zC3Usb1UBn4vYm3ZgA5wbu7Y=
  dependencies:
    acorn "^7.4.0"
    acorn-jsx "^5.3.1"
    eslint-visitor-keys "^1.3.0"

esprima@^4.0.0:
  version "4.0.1"
  resolved "https://pkgs.dev.azure.com/albatross-getnet/_packaging/albatross-artifacts/npm/registry/esprima/-/esprima-4.0.1.tgz#13b04cdb3e6c5d19df91ab6987a8695619b0aa71"
  integrity sha1-E7BM2z5sXRnfkatph6hpVhmwqnE=

esquery@^1.4.0:
  version "1.4.0"
  resolved "https://pkgs.dev.azure.com/albatross-getnet/_packaging/albatross-artifacts/npm/registry/esquery/-/esquery-1.4.0.tgz#2148ffc38b82e8c7057dfed48425b3e61f0f24a5"
  integrity sha1-IUj/w4uC6McFff7UhCWz5h8PJKU=
  dependencies:
    estraverse "^5.1.0"

esrecurse@^4.3.0:
  version "4.3.0"
  resolved "https://pkgs.dev.azure.com/albatross-getnet/_packaging/albatross-artifacts/npm/registry/esrecurse/-/esrecurse-4.3.0.tgz#7ad7964d679abb28bee72cec63758b1c5d2c9921"
  integrity sha1-eteWTWeauyi+5yzsY3WLHF0smSE=
  dependencies:
    estraverse "^5.2.0"

estraverse@^4.1.1:
  version "4.3.0"
  resolved "https://pkgs.dev.azure.com/albatross-getnet/_packaging/albatross-artifacts/npm/registry/estraverse/-/estraverse-4.3.0.tgz#398ad3f3c5a24948be7725e83d11a7de28cdbd1d"
  integrity sha1-OYrT88WiSUi+dyXoPRGn3ijNvR0=

estraverse@^5.1.0, estraverse@^5.2.0:
  version "5.2.0"
  resolved "https://pkgs.dev.azure.com/albatross-getnet/_packaging/albatross-artifacts/npm/registry/estraverse/-/estraverse-5.2.0.tgz#307df42547e6cc7324d3cf03c155d5cdb8c53880"
  integrity sha1-MH30JUfmzHMk088DwVXVzbjFOIA=

esutils@^2.0.2:
  version "2.0.3"
  resolved "https://pkgs.dev.azure.com/albatross-getnet/_packaging/albatross-artifacts/npm/registry/esutils/-/esutils-2.0.3.tgz#74d2eb4de0b8da1293711910d50775b9b710ef64"
  integrity sha1-dNLrTeC42hKTcRkQ1Qd1ubcQ72Q=

fast-deep-equal@^3.1.1:
  version "3.1.3"
  resolved "https://pkgs.dev.azure.com/albatross-getnet/_packaging/albatross-artifacts/npm/registry/fast-deep-equal/-/fast-deep-equal-3.1.3.tgz#3a7d56b559d6cbc3eb512325244e619a65c6c525"
  integrity sha1-On1WtVnWy8PrUSMlJE5hmmXGxSU=

fast-json-stable-stringify@^2.0.0:
  version "2.1.0"
  resolved "https://pkgs.dev.azure.com/albatross-getnet/_packaging/albatross-artifacts/npm/registry/fast-json-stable-stringify/-/fast-json-stable-stringify-2.1.0.tgz#874bf69c6f404c2b5d99c481341399fd55892633"
  integrity sha1-h0v2nG9ATCtdmcSBNBOZ/VWJJjM=

fast-levenshtein@^2.0.6:
  version "2.0.6"
  resolved "https://pkgs.dev.azure.com/albatross-getnet/_packaging/albatross-artifacts/npm/registry/fast-levenshtein/-/fast-levenshtein-2.0.6.tgz#3d8a5c66883a16a30ca8643e851f19baa7797917"
  integrity sha1-PYpcZog6FqMMqGQ+hR8Zuqd5eRc=

file-entry-cache@^6.0.1:
  version "6.0.1"
  resolved "https://pkgs.dev.azure.com/albatross-getnet/_packaging/albatross-artifacts/npm/registry/file-entry-cache/-/file-entry-cache-6.0.1.tgz#211b2dd9659cb0394b073e7323ac3c933d522027"
  integrity sha1-IRst2WWcsDlLBz5zI6w8kz1SICc=
  dependencies:
    flat-cache "^3.0.4"

file-uri-to-path@1.0.0:
  version "1.0.0"
  resolved "https://pkgs.dev.azure.com/albatross-getnet/_packaging/albatross-artifacts/npm/registry/file-uri-to-path/-/file-uri-to-path-1.0.0.tgz#553a7b8446ff6f684359c445f1e37a05dacc33dd"
  integrity sha1-VTp7hEb/b2hDWcRF8eN6BdrMM90=

flat-cache@^3.0.4:
  version "3.0.4"
  resolved "https://pkgs.dev.azure.com/albatross-getnet/_packaging/albatross-artifacts/npm/registry/flat-cache/-/flat-cache-3.0.4.tgz#61b0338302b2fe9f957dcc32fc2a87f1c3048b11"
  integrity sha1-YbAzgwKy/p+Vfcwy/CqH8cMEixE=
  dependencies:
    flatted "^3.1.0"
    rimraf "^3.0.2"

flatted@^3.1.0:
  version "3.1.1"
  resolved "https://pkgs.dev.azure.com/albatross-getnet/_packaging/albatross-artifacts/npm/registry/flatted/-/flatted-3.1.1.tgz#c4b489e80096d9df1dfc97c79871aea7c617c469"
  integrity sha1-xLSJ6ACW2d8d/JfHmHGup8YXxGk=

fs.realpath@^1.0.0:
  version "1.0.0"
  resolved "https://pkgs.dev.azure.com/albatross-getnet/_packaging/albatross-artifacts/npm/registry/fs.realpath/-/fs.realpath-1.0.0.tgz#1504ad2523158caa40db4a2787cb01411994ea4f"
  integrity sha1-FQStJSMVjKpA20onh8sBQRmU6k8=

functional-red-black-tree@^1.0.1:
  version "1.0.1"
  resolved "https://pkgs.dev.azure.com/albatross-getnet/_packaging/albatross-artifacts/npm/registry/functional-red-black-tree/-/functional-red-black-tree-1.0.1.tgz#1b0ab3bd553b2a0d6399d29c0e3ea0b252078327"
  integrity sha1-GwqzvVU7Kg1jmdKcDj6gslIHgyc=

glob-parent@^5.0.0:
  version "5.1.2"
  resolved "https://pkgs.dev.azure.com/albatross-getnet/_packaging/albatross-artifacts/npm/registry/glob-parent/-/glob-parent-5.1.2.tgz#869832c58034fe68a4093c17dc15e8340d8401c4"
  integrity sha1-hpgyxYA0/mikCTwX3BXoNA2EAcQ=
  dependencies:
    is-glob "^4.0.1"

glob@^7.1.3:
  version "7.1.6"
  resolved "https://pkgs.dev.azure.com/albatross-getnet/_packaging/albatross-artifacts/npm/registry/glob/-/glob-7.1.6.tgz#141f33b81a7c2492e125594307480c46679278a6"
  integrity sha1-FB8zuBp8JJLhJVlDB0gMRmeSeKY=
  dependencies:
    fs.realpath "^1.0.0"
    inflight "^1.0.4"
    inherits "2"
    minimatch "^3.0.4"
    once "^1.3.0"
    path-is-absolute "^1.0.0"

globals@^12.1.0:
  version "12.4.0"
  resolved "https://pkgs.dev.azure.com/albatross-getnet/_packaging/albatross-artifacts/npm/registry/globals/-/globals-12.4.0.tgz#a18813576a41b00a24a97e7f815918c2e19925f8"
  integrity sha1-oYgTV2pBsAokqX5/gVkYwuGZJfg=
  dependencies:
    type-fest "^0.8.1"

globals@^13.6.0:
  version "13.6.0"
  resolved "https://pkgs.dev.azure.com/albatross-getnet/_packaging/albatross-artifacts/npm/registry/globals/-/globals-13.6.0.tgz#d77138e53738567bb96a3916ff6f6b487af20ef7"
  integrity sha1-13E45Tc4Vnu5ajkW/29rSHryDvc=
  dependencies:
    type-fest "^0.20.2"

has-flag@^3.0.0:
  version "3.0.0"
  resolved "https://pkgs.dev.azure.com/albatross-getnet/_packaging/albatross-artifacts/npm/registry/has-flag/-/has-flag-3.0.0.tgz#b5d454dc2199ae225699f3467e5a07f3b955bafd"
  integrity sha1-tdRU3CGZriJWmfNGfloH87lVuv0=

has-flag@^4.0.0:
  version "4.0.0"
  resolved "https://pkgs.dev.azure.com/albatross-getnet/_packaging/albatross-artifacts/npm/registry/has-flag/-/has-flag-4.0.0.tgz#944771fd9c81c81265c4d6941860da06bb59479b"
  integrity sha1-lEdx/ZyByBJlxNaUGGDaBrtZR5s=

ignore@^4.0.6:
  version "4.0.6"
  resolved "https://pkgs.dev.azure.com/albatross-getnet/_packaging/albatross-artifacts/npm/registry/ignore/-/ignore-4.0.6.tgz#750e3db5862087b4737ebac8207ffd1ef27b25fc"
  integrity sha1-dQ49tYYgh7RzfrrIIH/9HvJ7Jfw=

import-fresh@^3.0.0, import-fresh@^3.2.1:
  version "3.3.0"
  resolved "https://pkgs.dev.azure.com/albatross-getnet/_packaging/albatross-artifacts/npm/registry/import-fresh/-/import-fresh-3.3.0.tgz#37162c25fcb9ebaa2e6e53d5b4d88ce17d9e0c2b"
  integrity sha1-NxYsJfy566oublPVtNiM4X2eDCs=
  dependencies:
    parent-module "^1.0.0"
    resolve-from "^4.0.0"

imurmurhash@^0.1.4:
  version "0.1.4"
  resolved "https://pkgs.dev.azure.com/albatross-getnet/_packaging/albatross-artifacts/npm/registry/imurmurhash/-/imurmurhash-0.1.4.tgz#9218b9b2b928a238b13dc4fb6b6d576f231453ea"
  integrity sha1-khi5srkoojixPcT7a21XbyMUU+o=

inflight@^1.0.4:
  version "1.0.6"
  resolved "https://pkgs.dev.azure.com/albatross-getnet/_packaging/albatross-artifacts/npm/registry/inflight/-/inflight-1.0.6.tgz#49bd6331d7d02d0c09bc910a1075ba8165b56df9"
  integrity sha1-Sb1jMdfQLQwJvJEKEHW6gWW1bfk=
  dependencies:
    once "^1.3.0"
    wrappy "1"

inherits@2, inherits@^2.0.1, inherits@^2.0.3, inherits@~2.0.3:
  version "2.0.4"
  resolved "https://registry.yarnpkg.com/inherits/-/inherits-2.0.4.tgz#0fa2c64f932917c3433a0ded55363aae37416b7c"
  integrity sha512-k/vGaX4/Yla3WzyMCvTQOXYeIHvqOKtnqBduzTHpzpQZzAskKMhZ2K+EnBiSM9zGSoIFeMpXKxa4dYeZIQqewQ==

is-audio-buffer@^1.0.0, is-audio-buffer@^1.0.1, is-audio-buffer@^1.0.5:
  version "1.1.0"
  resolved "https://registry.yarnpkg.com/is-audio-buffer/-/is-audio-buffer-1.1.0.tgz#f4c7f274d20180f993f9b1650768cb77bedd4470"
  integrity sha512-fmPC/dizJmP4ITCsW5oTQGMJ9wZVE+A/zAe6FQo3XwgERxmXHmm3ON5XkWDAxmyxvsrDmWx3NArpSgamp/59AA==

is-browser@^2.0.1:
  version "2.1.0"
  resolved "https://registry.yarnpkg.com/is-browser/-/is-browser-2.1.0.tgz#fc084d59a5fced307d6708c59356bad7007371a9"
  integrity sha512-F5rTJxDQ2sW81fcfOR1GnCXT6sVJC104fCyfj+mjpwNEwaPYSn5fte5jiHmBg3DHsIoL/l8Kvw5VN5SsTRcRFQ==

is-buffer@^1.1.0:
  version "1.1.6"
  resolved "https://registry.yarnpkg.com/is-buffer/-/is-buffer-1.1.6.tgz#efaa2ea9daa0d7ab2ea13a97b2b8ad51fefbe8be"
  integrity sha512-NcdALwpXkTm5Zvvbk7owOUSvVvBKDgKP5/ewfXEznmQFfs4ZRmanOeKBTjRVjka3QFoN6XJ+9F3USqfHqTaU5w==

is-data-uri@^0.1.0:
  version "0.1.0"
  resolved "https://registry.yarnpkg.com/is-data-uri/-/is-data-uri-0.1.0.tgz#46ee67b63c18c1ffa0bd4dfab2cd2c81c728237f"
  integrity sha1-Ru5ntjwYwf+gvU36ss0sgccoI38=
  dependencies:
    data-uri-regex "^0.1.2"

is-extglob@^2.1.1:
  version "2.1.1"
  resolved "https://pkgs.dev.azure.com/albatross-getnet/_packaging/albatross-artifacts/npm/registry/is-extglob/-/is-extglob-2.1.1.tgz#a88c02535791f02ed37c76a1b9ea9773c833f8c2"
  integrity sha1-qIwCU1eR8C7TfHahueqXc8gz+MI=

is-fullwidth-code-point@^3.0.0:
  version "3.0.0"
  resolved "https://pkgs.dev.azure.com/albatross-getnet/_packaging/albatross-artifacts/npm/registry/is-fullwidth-code-point/-/is-fullwidth-code-point-3.0.0.tgz#f116f8064fe90b3f7844a38997c0b75051269f1d"
  integrity sha1-8Rb4Bk/pCz94RKOJl8C3UFEmnx0=

is-glob@^4.0.0, is-glob@^4.0.1:
  version "4.0.1"
  resolved "https://pkgs.dev.azure.com/albatross-getnet/_packaging/albatross-artifacts/npm/registry/is-glob/-/is-glob-4.0.1.tgz#7567dbe9f2f5e2467bc77ab83c4a29482407a5dc"
  integrity sha1-dWfb6fL14kZ7x3q4PEopSCQHpdw=
  dependencies:
    is-extglob "^2.1.1"

is-plain-obj@^1.1.0:
  version "1.1.0"
  resolved "https://registry.yarnpkg.com/is-plain-obj/-/is-plain-obj-1.1.0.tgz#71a50c8429dfca773c92a390a4a03b39fcd51d3e"
  integrity sha1-caUMhCnfync8kqOQpKA7OfzVHT4=

is-promise@^2.1.0:
  version "2.2.2"
  resolved "https://registry.yarnpkg.com/is-promise/-/is-promise-2.2.2.tgz#39ab959ccbf9a774cf079f7b40c7a26f763135f1"
  integrity sha512-+lP4/6lKUBfQjZ2pdxThZvLUAafmZb8OAxFb8XXtiQmS35INgr85hdOGoEs124ez1FCnZJt6jau/T+alh58QFQ==

isarray@~1.0.0:
  version "1.0.0"
  resolved "https://registry.yarnpkg.com/isarray/-/isarray-1.0.0.tgz#bb935d48582cba168c06834957a54a3e07124f11"
  integrity sha1-u5NdSFgsuhaMBoNJV6VKPgcSTxE=

isexe@^2.0.0:
  version "2.0.0"
  resolved "https://pkgs.dev.azure.com/albatross-getnet/_packaging/albatross-artifacts/npm/registry/isexe/-/isexe-2.0.0.tgz#e8fbf374dc556ff8947a10dcb0572d633f2cfa10"
  integrity sha1-6PvzdNxVb/iUehDcsFctYz8s+hA=

js-tokens@^4.0.0:
  version "4.0.0"
  resolved "https://pkgs.dev.azure.com/albatross-getnet/_packaging/albatross-artifacts/npm/registry/js-tokens/-/js-tokens-4.0.0.tgz#19203fb59991df98e3a287050d4647cdeaf32499"
  integrity sha1-GSA/tZmR35jjoocFDUZHzerzJJk=

js-yaml@^3.13.1:
  version "3.14.1"
  resolved "https://pkgs.dev.azure.com/albatross-getnet/_packaging/albatross-artifacts/npm/registry/js-yaml/-/js-yaml-3.14.1.tgz#dae812fdb3825fa306609a8717383c50c36a0537"
  integrity sha1-2ugS/bOCX6MGYJqHFzg8UMNqBTc=
  dependencies:
    argparse "^1.0.7"
    esprima "^4.0.0"

json-schema-traverse@^0.4.1:
  version "0.4.1"
  resolved "https://pkgs.dev.azure.com/albatross-getnet/_packaging/albatross-artifacts/npm/registry/json-schema-traverse/-/json-schema-traverse-0.4.1.tgz#69f6a87d9513ab8bb8fe63bdb0979c448e684660"
  integrity sha1-afaofZUTq4u4/mO9sJecRI5oRmA=

json-schema-traverse@^1.0.0:
  version "1.0.0"
  resolved "https://pkgs.dev.azure.com/albatross-getnet/_packaging/albatross-artifacts/npm/registry/json-schema-traverse/-/json-schema-traverse-1.0.0.tgz#ae7bcb3656ab77a73ba5c49bf654f38e6b6860e2"
  integrity sha1-rnvLNlard6c7pcSb9lTzjmtoYOI=

json-stable-stringify-without-jsonify@^1.0.1:
  version "1.0.1"
  resolved "https://pkgs.dev.azure.com/albatross-getnet/_packaging/albatross-artifacts/npm/registry/json-stable-stringify-without-jsonify/-/json-stable-stringify-without-jsonify-1.0.1.tgz#9db7b59496ad3f3cfef30a75142d2d930ad72651"
  integrity sha1-nbe1lJatPzz+8wp1FC0tkwrXJlE=

levn@^0.4.1:
  version "0.4.1"
  resolved "https://pkgs.dev.azure.com/albatross-getnet/_packaging/albatross-artifacts/npm/registry/levn/-/levn-0.4.1.tgz#ae4562c007473b932a6200d403268dd2fffc6ade"
  integrity sha1-rkViwAdHO5MqYgDUAyaN0v/8at4=
  dependencies:
    prelude-ls "^1.2.1"
    type-check "~0.4.0"

lodash@^4.17.20, lodash@^4.17.21:
  version "4.17.21"
  resolved "https://pkgs.dev.azure.com/albatross-getnet/_packaging/albatross-artifacts/npm/registry/lodash/-/lodash-4.17.21.tgz#679591c564c3bffaae8454cf0b3df370c3d6911c"
  integrity sha1-Z5WRxWTDv/quhFTPCz3zcMPWkRw=

lru-cache@^6.0.0:
  version "6.0.0"
  resolved "https://pkgs.dev.azure.com/albatross-getnet/_packaging/albatross-artifacts/npm/registry/lru-cache/-/lru-cache-6.0.0.tgz#6d6fe6570ebd96aaf90fcad1dafa3b2566db3a94"
  integrity sha1-bW/mVw69lqr5D8rR2vo7JWbbOpQ=
  dependencies:
    yallist "^4.0.0"

minimatch@^3.0.4:
  version "3.0.4"
  resolved "https://pkgs.dev.azure.com/albatross-getnet/_packaging/albatross-artifacts/npm/registry/minimatch/-/minimatch-3.0.4.tgz#5166e286457f03306064be5497e8dbb0c3d32083"
  integrity sha1-UWbihkV/AzBgZL5Ul+jbsMPTIIM=
  dependencies:
    brace-expansion "^1.1.7"

ms@2.0.0:
  version "2.0.0"
  resolved "https://registry.yarnpkg.com/ms/-/ms-2.0.0.tgz#5608aeadfc00be6c2901df5f9861788de0d597c8"
  integrity sha1-VgiurfwAvmwpAd9fmGF4jeDVl8g=

ms@2.1.2:
  version "2.1.2"
  resolved "https://pkgs.dev.azure.com/albatross-getnet/_packaging/albatross-artifacts/npm/registry/ms/-/ms-2.1.2.tgz#d09d1f357b443f493382a8eb3ccd183872ae6009"
  integrity sha1-0J0fNXtEP0kzgqjrPM0YOHKuYAk=

nan@^2.2.0:
  version "2.14.2"
  resolved "https://registry.yarnpkg.com/nan/-/nan-2.14.2.tgz#f5376400695168f4cc694ac9393d0c9585eeea19"
  integrity sha512-M2ufzIiINKCuDfBSAUr1vWQ+vuVcA9kqx8JJUsbQi6yf1uGRyb7HfpdfUr5qLXf3B/t8dPvcjhKMmlfnP47EzQ==

natural-compare@^1.4.0:
  version "1.4.0"
  resolved "https://pkgs.dev.azure.com/albatross-getnet/_packaging/albatross-artifacts/npm/registry/natural-compare/-/natural-compare-1.4.0.tgz#4abebfeed7541f2c27acfb29bdbbd15c8d5ba4f7"
  integrity sha1-Sr6/7tdUHywnrPspvbvRXI1bpPc=

negative-index@^1.0.2:
  version "1.0.3"
  resolved "https://registry.yarnpkg.com/negative-index/-/negative-index-1.0.3.tgz#d5cd63255dedf1f7894e1513a8b9526c7af387af"
  integrity sha512-SzyzUmUYmerjD9gOEqizFRcDakY+Cf/59rOfqMi4bT212PN6g+jkUOjr/Sx9oOUOxi7qf6dsRwE0PPeRIq4DRw==
  dependencies:
    negative-zero "^2.0.0"

negative-zero@^2.0.0:
  version "2.0.0"
  resolved "https://registry.yarnpkg.com/negative-zero/-/negative-zero-2.0.0.tgz#ee301aa3014b40180916a19e37792a3756708557"
  integrity sha1-7jAaowFLQBgJFqGeN3kqN1ZwhVc=

object-assign@^4.1.1:
  version "4.1.1"
  resolved "https://registry.yarnpkg.com/object-assign/-/object-assign-4.1.1.tgz#2109adc7965887cfc05cbbd442cac8bfbb360863"
  integrity sha1-IQmtx5ZYh8/AXLvUQsrIv7s2CGM=

once@^1.3.0:
  version "1.4.0"
  resolved "https://pkgs.dev.azure.com/albatross-getnet/_packaging/albatross-artifacts/npm/registry/once/-/once-1.4.0.tgz#583b1aa775961d4b113ac17d9c50baef9dd76bd1"
  integrity sha1-WDsap3WWHUsROsF9nFC6753Xa9E=
  dependencies:
    wrappy "1"

optionator@^0.9.1:
  version "0.9.1"
  resolved "https://pkgs.dev.azure.com/albatross-getnet/_packaging/albatross-artifacts/npm/registry/optionator/-/optionator-0.9.1.tgz#4f236a6373dae0566a6d43e1326674f50c291499"
  integrity sha1-TyNqY3Pa4FZqbUPhMmZ09QwpFJk=
  dependencies:
    deep-is "^0.1.3"
    fast-levenshtein "^2.0.6"
    levn "^0.4.1"
    prelude-ls "^1.2.1"
    type-check "^0.4.0"
    word-wrap "^1.2.3"

parent-module@^1.0.0:
  version "1.0.1"
  resolved "https://pkgs.dev.azure.com/albatross-getnet/_packaging/albatross-artifacts/npm/registry/parent-module/-/parent-module-1.0.1.tgz#691d2709e78c79fae3a156622452d00762caaaa2"
  integrity sha1-aR0nCeeMefrjoVZiJFLQB2LKqqI=
  dependencies:
    callsites "^3.0.0"

path-is-absolute@^1.0.0:
  version "1.0.1"
  resolved "https://pkgs.dev.azure.com/albatross-getnet/_packaging/albatross-artifacts/npm/registry/path-is-absolute/-/path-is-absolute-1.0.1.tgz#174b9268735534ffbc7ace6bf53a5a9e1b5c5f5f"
  integrity sha1-F0uSaHNVNP+8es5r9TpanhtcX18=

path-key@^3.1.0:
  version "3.1.1"
  resolved "https://pkgs.dev.azure.com/albatross-getnet/_packaging/albatross-artifacts/npm/registry/path-key/-/path-key-3.1.1.tgz#581f6ade658cbba65a0d3380de7753295054f375"
  integrity sha1-WB9q3mWMu6ZaDTOA3ndTKVBU83U=

pcm-util@^2.0.1, pcm-util@^2.1.0:
  version "2.1.0"
  resolved "https://registry.yarnpkg.com/pcm-util/-/pcm-util-2.1.0.tgz#51ace46b09e0117fb92f654f632dcb2ed9c86065"
  integrity sha1-UazkawngEX+5L2VPYy3LLtnIYGU=
  dependencies:
    audio-buffer "^3.0.0"
    is-audio-buffer "^1.0.1"
    is-buffer "^1.1.0"
    to-array-buffer "^1.0.0"

performance-now@^2.1.0:
  version "2.1.0"
  resolved "https://registry.yarnpkg.com/performance-now/-/performance-now-2.1.0.tgz#6309f4e0e5fa913ec1c69307ae364b4b377c9e7b"
  integrity sha1-Ywn04OX6kT7BxpMHrjZLSzd8nns=

prelude-ls@^1.2.1:
  version "1.2.1"
  resolved "https://pkgs.dev.azure.com/albatross-getnet/_packaging/albatross-artifacts/npm/registry/prelude-ls/-/prelude-ls-1.2.1.tgz#debc6489d7a6e6b0e7611888cec880337d316396"
  integrity sha1-3rxkidem5rDnYRiIzsiAM30xY5Y=

process-nextick-args@~2.0.0:
  version "2.0.1"
  resolved "https://registry.yarnpkg.com/process-nextick-args/-/process-nextick-args-2.0.1.tgz#7820d9b16120cc55ca9ae7792680ae7dba6d7fe2"
  integrity sha512-3ouUOpQhtgrbOa17J7+uxOTpITYWaGP7/AhoR3+A+/1e9skrzelGi/dXzEYyvbxubEF6Wn2ypscTKiKJFFn1ag==

progress@^2.0.0:
  version "2.0.3"
  resolved "https://pkgs.dev.azure.com/albatross-getnet/_packaging/albatross-artifacts/npm/registry/progress/-/progress-2.0.3.tgz#7e8cf8d8f5b8f239c1bc68beb4eb78567d572ef8"
  integrity sha1-foz42PW48jnBvGi+tOt4Vn1XLvg=

pull-stream@^3.4.4, pull-stream@^3.4.5:
  version "3.6.14"
  resolved "https://registry.yarnpkg.com/pull-stream/-/pull-stream-3.6.14.tgz#529dbd5b86131f4a5ed636fdf7f6af00781357ee"
  integrity sha512-KIqdvpqHHaTUA2mCYcLG1ibEbu/LCKoJZsBWyv9lSYtPkJPBq8m3Hxa103xHi6D2thj5YXa0TqK3L3GUkwgnew==

punycode@^2.1.0:
  version "2.1.1"
  resolved "https://pkgs.dev.azure.com/albatross-getnet/_packaging/albatross-artifacts/npm/registry/punycode/-/punycode-2.1.1.tgz#b58b010ac40c22c5657616c8d2c2c02c7bf479ec"
  integrity sha1-tYsBCsQMIsVldhbI0sLALHv0eew=

readable-stream@^2.0.5:
  version "2.3.7"
  resolved "https://registry.yarnpkg.com/readable-stream/-/readable-stream-2.3.7.tgz#1eca1cf711aef814c04f62252a36a62f6cb23b57"
  integrity sha512-Ebho8K4jIbHAxnuxi7o42OrZgF/ZTNcsZj6nRKyUmkhLFq8CHItp/fy6hQZuZmP/n3yZ9VBUbp4zz/mX8hmYPw==
  dependencies:
    core-util-is "~1.0.0"
    inherits "~2.0.3"
    isarray "~1.0.0"
    process-nextick-args "~2.0.0"
    safe-buffer "~5.1.1"
    string_decoder "~1.1.1"
    util-deprecate "~1.0.1"

regexpp@^3.1.0:
  version "3.1.0"
  resolved "https://pkgs.dev.azure.com/albatross-getnet/_packaging/albatross-artifacts/npm/registry/regexpp/-/regexpp-3.1.0.tgz#206d0ad0a5648cffbdb8ae46438f3dc51c9f78e2"
  integrity sha1-IG0K0KVkjP+9uK5GQ489xRyfeOI=

require-from-string@^2.0.2:
  version "2.0.2"
  resolved "https://pkgs.dev.azure.com/albatross-getnet/_packaging/albatross-artifacts/npm/registry/require-from-string/-/require-from-string-2.0.2.tgz#89a7fdd938261267318eafe14f9c32e598c36909"
  integrity sha1-iaf92TgmEmcxjq/hT5wy5ZjDaQk=

resolve-from@^4.0.0:
  version "4.0.0"
  resolved "https://pkgs.dev.azure.com/albatross-getnet/_packaging/albatross-artifacts/npm/registry/resolve-from/-/resolve-from-4.0.0.tgz#4abcd852ad32dd7baabfe9b40e00a36db5f392e6"
  integrity sha1-SrzYUq0y3Xuqv+m0DgCjbbXzkuY=

rimraf@^3.0.2:
  version "3.0.2"
  resolved "https://pkgs.dev.azure.com/albatross-getnet/_packaging/albatross-artifacts/npm/registry/rimraf/-/rimraf-3.0.2.tgz#f1a5402ba6220ad52cc1282bac1ae3aa49fd061a"
  integrity sha1-8aVAK6YiCtUswSgrrBrjqkn9Bho=
  dependencies:
    glob "^7.1.3"

safe-buffer@~5.1.0, safe-buffer@~5.1.1:
  version "5.1.2"
  resolved "https://registry.yarnpkg.com/safe-buffer/-/safe-buffer-5.1.2.tgz#991ec69d296e0313747d59bdfd2b745c35f8828d"
  integrity sha512-Gd2UZBJDkXlY7GbJxfsE8/nvKkUEU1G38c1siN6QP6a9PT9MmHB8GnpscSmMJSoF8LOIrt8ud/wPtojys4G6+g==

semver@^7.2.1:
  version "7.3.4"
  resolved "https://pkgs.dev.azure.com/albatross-getnet/_packaging/albatross-artifacts/npm/registry/semver/-/semver-7.3.4.tgz#27aaa7d2e4ca76452f98d3add093a72c943edc97"
  integrity sha1-J6qn0uTKdkUvmNOt0JOnLJQ+3Jc=
  dependencies:
    lru-cache "^6.0.0"

shebang-command@^2.0.0:
  version "2.0.0"
  resolved "https://pkgs.dev.azure.com/albatross-getnet/_packaging/albatross-artifacts/npm/registry/shebang-command/-/shebang-command-2.0.0.tgz#ccd0af4f8835fbdc265b82461aaf0c36663f34ea"
  integrity sha1-zNCvT4g1+9wmW4JGGq8MNmY/NOo=
  dependencies:
    shebang-regex "^3.0.0"

shebang-regex@^3.0.0:
  version "3.0.0"
  resolved "https://pkgs.dev.azure.com/albatross-getnet/_packaging/albatross-artifacts/npm/registry/shebang-regex/-/shebang-regex-3.0.0.tgz#ae16f1644d873ecad843b0307b143362d4c42172"
  integrity sha1-rhbxZE2HPsrYQ7AwexQzYtTEIXI=

slice-ansi@^4.0.0:
  version "4.0.0"
  resolved "https://pkgs.dev.azure.com/albatross-getnet/_packaging/albatross-artifacts/npm/registry/slice-ansi/-/slice-ansi-4.0.0.tgz#500e8dd0fd55b05815086255b3195adf2a45fe6b"
  integrity sha1-UA6N0P1VsFgVCGJVsxla3ypF/ms=
  dependencies:
    ansi-styles "^4.0.0"
    astral-regex "^2.0.0"
    is-fullwidth-code-point "^3.0.0"

speaker@^0.3.0:
  version "0.3.1"
  resolved "https://registry.yarnpkg.com/speaker/-/speaker-0.3.1.tgz#19965f87b54be291554826c2c9338e0afd5b7594"
  integrity sha512-LEqSy+FHYHPZj4kX8NHylzaOmy+VIqj57enm2GS4B568hj0SdKDYa9jALCGQy43LZa/JmQk1iF0nlMVbS1PfPg==
  dependencies:
    bindings "^1.2.1"
    debug "^2.2.0"
    nan "^2.2.0"
    readable-stream "^2.0.5"

speaker@^0.5.3:
  version "0.5.3"
  resolved "https://pkgs.dev.azure.com/albatross-getnet/_packaging/albatross-artifacts/npm/registry/speaker/-/speaker-0.5.3.tgz#cd8e085eed0c56b4b1a9c4ba1491c1e223e1e32c"
  integrity sha1-zY4IXu0MVrSxqcS6FJHB4iPh4yw=
  dependencies:
    bindings "^1.3.0"
    buffer-alloc "^1.1.0"
    debug "^4.0.0"

sprintf-js@~1.0.2:
  version "1.0.3"
  resolved "https://pkgs.dev.azure.com/albatross-getnet/_packaging/albatross-artifacts/npm/registry/sprintf-js/-/sprintf-js-1.0.3.tgz#04e6926f662895354f3dd015203633b857297e2c"
  integrity sha1-BOaSb2YolTVPPdAVIDYzuFcpfiw=

string-width@^4.2.0:
  version "4.2.2"
  resolved "https://pkgs.dev.azure.com/albatross-getnet/_packaging/albatross-artifacts/npm/registry/string-width/-/string-width-4.2.2.tgz#dafd4f9559a7585cfba529c6a0a4f73488ebd4c5"
  integrity sha1-2v1PlVmnWFz7pSnGoKT3NIjr1MU=
  dependencies:
    emoji-regex "^8.0.0"
    is-fullwidth-code-point "^3.0.0"
    strip-ansi "^6.0.0"

string_decoder@~1.1.1:
  version "1.1.1"
  resolved "https://registry.yarnpkg.com/string_decoder/-/string_decoder-1.1.1.tgz#9cf1611ba62685d7030ae9e4ba34149c3af03fc8"
  integrity sha512-n/ShnvDi6FHbbVfviro+WojiFzv+s8MPMHBczVePfUpDJLwoLT0ht1l4YwBCbi8pJAveEEdnkHyPyTP/mzRfwg==
  dependencies:
    safe-buffer "~5.1.0"

strip-ansi@^6.0.0:
  version "6.0.0"
  resolved "https://pkgs.dev.azure.com/albatross-getnet/_packaging/albatross-artifacts/npm/registry/strip-ansi/-/strip-ansi-6.0.0.tgz#0b1571dd7669ccd4f3e06e14ef1eed26225ae532"
  integrity sha1-CxVx3XZpzNTz4G4U7x7tJiJa5TI=
  dependencies:
    ansi-regex "^5.0.0"

strip-json-comments@^3.1.0, strip-json-comments@^3.1.1:
  version "3.1.1"
  resolved "https://pkgs.dev.azure.com/albatross-getnet/_packaging/albatross-artifacts/npm/registry/strip-json-comments/-/strip-json-comments-3.1.1.tgz#31f1281b3832630434831c310c01cccda8cbe006"
  integrity sha1-MfEoGzgyYwQ0gxwxDAHMzajL4AY=

supports-color@^5.3.0:
  version "5.5.0"
  resolved "https://pkgs.dev.azure.com/albatross-getnet/_packaging/albatross-artifacts/npm/registry/supports-color/-/supports-color-5.5.0.tgz#e2e69a44ac8772f78a1ec0b35b689df6530efc8f"
  integrity sha1-4uaaRKyHcveKHsCzW2id9lMO/I8=
  dependencies:
    has-flag "^3.0.0"

supports-color@^7.1.0:
  version "7.2.0"
  resolved "https://pkgs.dev.azure.com/albatross-getnet/_packaging/albatross-artifacts/npm/registry/supports-color/-/supports-color-7.2.0.tgz#1b7dcdcb32b8138801b3e478ba6a51caa89648da"
  integrity sha1-G33NyzK4E4gBs+R4umpRyqiWSNo=
  dependencies:
    has-flag "^4.0.0"

table@^6.0.4:
  version "6.0.7"
  resolved "https://pkgs.dev.azure.com/albatross-getnet/_packaging/albatross-artifacts/npm/registry/table/-/table-6.0.7.tgz#e45897ffbcc1bcf9e8a87bf420f2c9e5a7a52a34"
  integrity sha1-5FiX/7zBvPnoqHv0IPLJ5aelKjQ=
  dependencies:
    ajv "^7.0.2"
    lodash "^4.17.20"
    slice-ansi "^4.0.0"
    string-width "^4.2.0"

text-table@^0.2.0:
  version "0.2.0"
  resolved "https://pkgs.dev.azure.com/albatross-getnet/_packaging/albatross-artifacts/npm/registry/text-table/-/text-table-0.2.0.tgz#7f5ee823ae805207c00af2df4a84ec3fcfa570b4"
  integrity sha1-f17oI66AUgfACvLfSoTsP8+lcLQ=

to-array-buffer@^1.0.0:
  version "1.2.4"
  resolved "https://registry.yarnpkg.com/to-array-buffer/-/to-array-buffer-1.2.4.tgz#7efdc3194a5a0d2b0ba93fba9d3edc33a1259473"
  integrity sha1-fv3DGUpaDSsLqT+6nT7cM6EllHM=
  dependencies:
    atob-lite "^1.0.0"
    is-audio-buffer "^1.0.1"
    is-data-uri "^0.1.0"

type-check@^0.4.0, type-check@~0.4.0:
  version "0.4.0"
  resolved "https://pkgs.dev.azure.com/albatross-getnet/_packaging/albatross-artifacts/npm/registry/type-check/-/type-check-0.4.0.tgz#07b8203bfa7056c0657050e3ccd2c37730bab8f1"
  integrity sha1-B7ggO/pwVsBlcFDjzNLDdzC6uPE=
  dependencies:
    prelude-ls "^1.2.1"

type-fest@^0.20.2:
  version "0.20.2"
  resolved "https://pkgs.dev.azure.com/albatross-getnet/_packaging/albatross-artifacts/npm/registry/type-fest/-/type-fest-0.20.2.tgz#1bf207f4b28f91583666cb5fbd327887301cd5f4"
  integrity sha1-G/IH9LKPkVg2ZstfvTJ4hzAc1fQ=

type-fest@^0.8.1:
  version "0.8.1"
  resolved "https://pkgs.dev.azure.com/albatross-getnet/_packaging/albatross-artifacts/npm/registry/type-fest/-/type-fest-0.8.1.tgz#09e249ebde851d3b1e48d27c105444667f17b83d"
  integrity sha1-CeJJ696FHTseSNJ8EFREZn8XuD0=

typedarray-methods@^1.0.0:
  version "1.0.1"
  resolved "https://registry.yarnpkg.com/typedarray-methods/-/typedarray-methods-1.0.1.tgz#ac8cabd143ece9e578e4efa4a80b89a7543aa226"
  integrity sha512-fstWAa225OZ856/4npMqgJP6U1U3vTWnqkn9wokZXzME9pORW9dV8u/v1VRGpo584udKMvCIYlNXzKoIb+UUGg==

uri-js@^4.2.2:
  version "4.4.1"
  resolved "https://pkgs.dev.azure.com/albatross-getnet/_packaging/albatross-artifacts/npm/registry/uri-js/-/uri-js-4.4.1.tgz#9b1a52595225859e55f669d928f88c6c57f2a77e"
  integrity sha1-mxpSWVIlhZ5V9mnZKPiMbFfyp34=
  dependencies:
    punycode "^2.1.0"

util-deprecate@~1.0.1:
  version "1.0.2"
  resolved "https://registry.yarnpkg.com/util-deprecate/-/util-deprecate-1.0.2.tgz#450d4dc9fa70de732762fbd2d4a28981419a0ccf"
  integrity sha1-RQ1Nyfpw3nMnYvvS1KKJgUGaDM8=

v8-compile-cache@^2.0.3:
  version "2.3.0"
  resolved "https://pkgs.dev.azure.com/albatross-getnet/_packaging/albatross-artifacts/npm/registry/v8-compile-cache/-/v8-compile-cache-2.3.0.tgz#2de19618c66dc247dcfb6f99338035d8245a2cee"
  integrity sha1-LeGWGMZtwkfc+2+ZM4A12CRaLO4=

web-audio-stream@^3.0.1:
  version "3.0.1"
  resolved "https://registry.yarnpkg.com/web-audio-stream/-/web-audio-stream-3.0.1.tgz#b11d1b1cace161ea4a098c26f6744afcadc70b0e"
  integrity sha1-sR0bHKzhYepKCYwm9nRK/K3HCw4=
  dependencies:
    audio-buffer-list "^2.0.6"
    audio-buffer-utils "^4.3.0"
    audio-context "^1.0.0"
    inherits "^2.0.1"
    is-audio-buffer "^1.0.1"
    is-plain-obj "^1.1.0"
    object-assign "^4.1.1"
    pcm-util "^2.1.0"
    pull-stream "^3.4.4"

which@^2.0.1:
  version "2.0.2"
  resolved "https://pkgs.dev.azure.com/albatross-getnet/_packaging/albatross-artifacts/npm/registry/which/-/which-2.0.2.tgz#7c6a8dd0a636a0327e10b59c9286eee93f3f51b1"
  integrity sha1-fGqN0KY2oDJ+ELWckobu6T8/UbE=
  dependencies:
    isexe "^2.0.0"

word-wrap@^1.2.3:
  version "1.2.3"
  resolved "https://pkgs.dev.azure.com/albatross-getnet/_packaging/albatross-artifacts/npm/registry/word-wrap/-/word-wrap-1.2.3.tgz#610636f6b1f703891bd34771ccb17fb93b47079c"
  integrity sha1-YQY29rH3A4kb00dxzLF/uTtHB5w=

wrappy@1:
  version "1.0.2"
  resolved "https://pkgs.dev.azure.com/albatross-getnet/_packaging/albatross-artifacts/npm/registry/wrappy/-/wrappy-1.0.2.tgz#b5243d8f3ec1aa35f1364605bc0d1036e30ab69f"
  integrity sha1-tSQ9jz7BqjXxNkYFvA0QNuMKtp8=

xtend@^4.0.1:
  version "4.0.2"
  resolved "https://registry.yarnpkg.com/xtend/-/xtend-4.0.2.tgz#bb72779f5fa465186b1f438f674fa347fdb5db54"
  integrity sha512-LKYU1iAXJXUgAXn9URjiu+MWhyUXHsvfp7mcuYm9dSUKK0/CjtrUwFAxD82/mCWbtLsGjFIad0wIsod4zrTAEQ==

yallist@^4.0.0:
  version "4.0.0"
  resolved "https://pkgs.dev.azure.com/albatross-getnet/_packaging/albatross-artifacts/npm/registry/yallist/-/yallist-4.0.0.tgz#9bb92790d9c0effec63be73519e11a35019a3a72"
  integrity sha1-m7knkNnA7/7GO+c1GeEaNQGaOnI=
